{
  "name": "education",
  "version": "1.0.0",
  "lockfileVersion": 3,
  "requires": true,
  "packages": {
    "": {
      "name": "education",
      "version": "1.0.0",
      "license": "ISC",
      "dependencies": {
        "bash": "^0.0.1",
        "sh": "^0.0.3"
      }
    },
    "node_modules/bash": {
      "version": "0.0.1",
      "resolved": "https://registry.npmjs.org/bash/-/bash-0.0.1.tgz",
      "integrity": "sha512-5hOttlJ2LXV7XmahX/cYwoezrqEGMdy5Uie4dj4yvw4scR0WrJmlQfufqPf24Mt6Bk6SbE9j87k02yBMfoQqVQ==",
      "engines": {
        "node": "*"
      }
    },
    "node_modules/sh": {
      "version": "0.0.3",
      "resolved": "https://registry.npmjs.org/sh/-/sh-0.0.3.tgz",
      "integrity": "sha512-y/YjMDTNbwOMIAbq93eE/fbIn+6TlaiYtE8/J+wLQOSHa2bHFdpaAQ0LuXzWjYUO96F++sNHub10ykCti3YMYg==",
      "engines": {
        "node": ">=0.10.25"
      }
    }
  }
}
